
Microsoft Visual Studio Solution File, Format Version 12.00
# Visual Studio Version 17
VisualStudioVersion = 17.10.34928.147
MinimumVisualStudioVersion = 10.0.40219.1
Project("{FAE04EC0-301F-11D3-BF4B-00C04F79EFBC}") = "ConsoleApp30", "ConsoleApp30.csproj", "{8097B9EC-FD0D-4ECA-B6DA-73A2616AD10A}"
EndProject
Global
	GlobalSection(SolutionConfigurationPlatforms) = preSolution
		Debug|Any CPU = Debug|Any CPU
		Release|Any CPU = Release|Any CPU
	EndGlobalSection
	GlobalSection(ProjectConfigurationPlatforms) = postSolution
		{8097B9EC-FD0D-4ECA-B6DA-73A2616AD10A}.Debug|Any CPU.ActiveCfg = Debug|Any CPU
		{8097B9EC-FD0D-4ECA-B6DA-73A2616AD10A}.Debug|Any CPU.Build.0 = Debug|Any CPU
		{8097B9EC-FD0D-4ECA-B6DA-73A2616AD10A}.Release|Any CPU.ActiveCfg = Release|Any CPU
		{8097B9EC-FD0D-4ECA-B6DA-73A2616AD10A}.Release|Any CPU.Build.0 = Release|Any CPU
	EndGlobalSection
	GlobalSection(SolutionProperties) = preSolution
		HideSolutionNode = FALSE
	EndGlobalSection
	GlobalSection(ExtensibilityGlobals) = postSolution
		SolutionGuid = {636D676F-3482-4B73-9A94-91E4A4BB035E}
	EndGlobalSection
EndGlobal
