
Microsoft Visual Studio Solution File, Format Version 12.00
# Visual Studio Version 17
VisualStudioVersion = 17.10.34928.147
MinimumVisualStudioVersion = 10.0.40219.1
Project("{FAE04EC0-301F-11D3-BF4B-00C04F79EFBC}") = "ConsoleApp17", "ConsoleApp17.csproj", "{FA536E44-2C2B-4A29-A1B5-058F264DF5DD}"
EndProject
Global
	GlobalSection(SolutionConfigurationPlatforms) = preSolution
		Debug|Any CPU = Debug|Any CPU
		Release|Any CPU = Release|Any CPU
	EndGlobalSection
	GlobalSection(ProjectConfigurationPlatforms) = postSolution
		{FA536E44-2C2B-4A29-A1B5-058F264DF5DD}.Debug|Any CPU.ActiveCfg = Debug|Any CPU
		{FA536E44-2C2B-4A29-A1B5-058F264DF5DD}.Debug|Any CPU.Build.0 = Debug|Any CPU
		{FA536E44-2C2B-4A29-A1B5-058F264DF5DD}.Release|Any CPU.ActiveCfg = Release|Any CPU
		{FA536E44-2C2B-4A29-A1B5-058F264DF5DD}.Release|Any CPU.Build.0 = Release|Any CPU
	EndGlobalSection
	GlobalSection(SolutionProperties) = preSolution
		HideSolutionNode = FALSE
	EndGlobalSection
	GlobalSection(ExtensibilityGlobals) = postSolution
		SolutionGuid = {01BE495F-3D59-4A64-A862-4E618485F4C4}
	EndGlobalSection
EndGlobal
