
Microsoft Visual Studio Solution File, Format Version 12.00
# Visual Studio Version 17
VisualStudioVersion = 17.10.34928.147
MinimumVisualStudioVersion = 10.0.40219.1
Project("{FAE04EC0-301F-11D3-BF4B-00C04F79EFBC}") = "ReverseArray", "ReverseArray.csproj", "{A7D58498-9CCB-41A1-A2A3-1C047667A28D}"
EndProject
Global
	GlobalSection(SolutionConfigurationPlatforms) = preSolution
		Debug|Any CPU = Debug|Any CPU
		Release|Any CPU = Release|Any CPU
	EndGlobalSection
	GlobalSection(ProjectConfigurationPlatforms) = postSolution
		{A7D58498-9CCB-41A1-A2A3-1C047667A28D}.Debug|Any CPU.ActiveCfg = Debug|Any CPU
		{A7D58498-9CCB-41A1-A2A3-1C047667A28D}.Debug|Any CPU.Build.0 = Debug|Any CPU
		{A7D58498-9CCB-41A1-A2A3-1C047667A28D}.Release|Any CPU.ActiveCfg = Release|Any CPU
		{A7D58498-9CCB-41A1-A2A3-1C047667A28D}.Release|Any CPU.Build.0 = Release|Any CPU
	EndGlobalSection
	GlobalSection(SolutionProperties) = preSolution
		HideSolutionNode = FALSE
	EndGlobalSection
	GlobalSection(ExtensibilityGlobals) = postSolution
		SolutionGuid = {BD246158-4C5E-4160-9A8C-1D691C23ED20}
	EndGlobalSection
EndGlobal
