
Microsoft Visual Studio Solution File, Format Version 12.00
# Visual Studio Version 17
VisualStudioVersion = 17.10.34928.147
MinimumVisualStudioVersion = 10.0.40219.1
Project("{FAE04EC0-301F-11D3-BF4B-00C04F79EFBC}") = "ConsoleApp41", "ConsoleApp41.csproj", "{E6FF224C-8E0D-489D-9E3F-6668A0AACB62}"
EndProject
Global
	GlobalSection(SolutionConfigurationPlatforms) = preSolution
		Debug|Any CPU = Debug|Any CPU
		Release|Any CPU = Release|Any CPU
	EndGlobalSection
	GlobalSection(ProjectConfigurationPlatforms) = postSolution
		{E6FF224C-8E0D-489D-9E3F-6668A0AACB62}.Debug|Any CPU.ActiveCfg = Debug|Any CPU
		{E6FF224C-8E0D-489D-9E3F-6668A0AACB62}.Debug|Any CPU.Build.0 = Debug|Any CPU
		{E6FF224C-8E0D-489D-9E3F-6668A0AACB62}.Release|Any CPU.ActiveCfg = Release|Any CPU
		{E6FF224C-8E0D-489D-9E3F-6668A0AACB62}.Release|Any CPU.Build.0 = Release|Any CPU
	EndGlobalSection
	GlobalSection(SolutionProperties) = preSolution
		HideSolutionNode = FALSE
	EndGlobalSection
	GlobalSection(ExtensibilityGlobals) = postSolution
		SolutionGuid = {8A31D199-54D4-4BF1-B2DA-C45D3D3E23EF}
	EndGlobalSection
EndGlobal
