
Microsoft Visual Studio Solution File, Format Version 12.00
# Visual Studio Version 17
VisualStudioVersion = 17.10.34928.147
MinimumVisualStudioVersion = 10.0.40219.1
Project("{FAE04EC0-301F-11D3-BF4B-00C04F79EFBC}") = "ConsoleApp29", "ConsoleApp29.csproj", "{C1106644-68A3-4E5E-A271-206796CD5C29}"
EndProject
Global
	GlobalSection(SolutionConfigurationPlatforms) = preSolution
		Debug|Any CPU = Debug|Any CPU
		Release|Any CPU = Release|Any CPU
	EndGlobalSection
	GlobalSection(ProjectConfigurationPlatforms) = postSolution
		{C1106644-68A3-4E5E-A271-206796CD5C29}.Debug|Any CPU.ActiveCfg = Debug|Any CPU
		{C1106644-68A3-4E5E-A271-206796CD5C29}.Debug|Any CPU.Build.0 = Debug|Any CPU
		{C1106644-68A3-4E5E-A271-206796CD5C29}.Release|Any CPU.ActiveCfg = Release|Any CPU
		{C1106644-68A3-4E5E-A271-206796CD5C29}.Release|Any CPU.Build.0 = Release|Any CPU
	EndGlobalSection
	GlobalSection(SolutionProperties) = preSolution
		HideSolutionNode = FALSE
	EndGlobalSection
	GlobalSection(ExtensibilityGlobals) = postSolution
		SolutionGuid = {335B246E-3BD6-4BD2-8DBA-960C50EA0721}
	EndGlobalSection
EndGlobal
