
Microsoft Visual Studio Solution File, Format Version 12.00
# Visual Studio Version 17
VisualStudioVersion = 17.10.34928.147
MinimumVisualStudioVersion = 10.0.40219.1
Project("{FAE04EC0-301F-11D3-BF4B-00C04F79EFBC}") = "ConsoleApp35", "ConsoleApp35.csproj", "{ADA6005F-8EA0-4CF1-A75B-50FCDB6A4760}"
EndProject
Global
	GlobalSection(SolutionConfigurationPlatforms) = preSolution
		Debug|Any CPU = Debug|Any CPU
		Release|Any CPU = Release|Any CPU
	EndGlobalSection
	GlobalSection(ProjectConfigurationPlatforms) = postSolution
		{ADA6005F-8EA0-4CF1-A75B-50FCDB6A4760}.Debug|Any CPU.ActiveCfg = Debug|Any CPU
		{ADA6005F-8EA0-4CF1-A75B-50FCDB6A4760}.Debug|Any CPU.Build.0 = Debug|Any CPU
		{ADA6005F-8EA0-4CF1-A75B-50FCDB6A4760}.Release|Any CPU.ActiveCfg = Release|Any CPU
		{ADA6005F-8EA0-4CF1-A75B-50FCDB6A4760}.Release|Any CPU.Build.0 = Release|Any CPU
	EndGlobalSection
	GlobalSection(SolutionProperties) = preSolution
		HideSolutionNode = FALSE
	EndGlobalSection
	GlobalSection(ExtensibilityGlobals) = postSolution
		SolutionGuid = {AC1D83A4-EEA4-4752-AF7B-45A230F76E92}
	EndGlobalSection
EndGlobal
