
Microsoft Visual Studio Solution File, Format Version 12.00
# Visual Studio Version 17
VisualStudioVersion = 17.10.34928.147
MinimumVisualStudioVersion = 10.0.40219.1
Project("{FAE04EC0-301F-11D3-BF4B-00C04F79EFBC}") = "ConsoleApp33", "ConsoleApp33.csproj", "{B13697D5-57E2-4CAA-B4AE-F25A66CF391C}"
EndProject
Global
	GlobalSection(SolutionConfigurationPlatforms) = preSolution
		Debug|Any CPU = Debug|Any CPU
		Release|Any CPU = Release|Any CPU
	EndGlobalSection
	GlobalSection(ProjectConfigurationPlatforms) = postSolution
		{B13697D5-57E2-4CAA-B4AE-F25A66CF391C}.Debug|Any CPU.ActiveCfg = Debug|Any CPU
		{B13697D5-57E2-4CAA-B4AE-F25A66CF391C}.Debug|Any CPU.Build.0 = Debug|Any CPU
		{B13697D5-57E2-4CAA-B4AE-F25A66CF391C}.Release|Any CPU.ActiveCfg = Release|Any CPU
		{B13697D5-57E2-4CAA-B4AE-F25A66CF391C}.Release|Any CPU.Build.0 = Release|Any CPU
	EndGlobalSection
	GlobalSection(SolutionProperties) = preSolution
		HideSolutionNode = FALSE
	EndGlobalSection
	GlobalSection(ExtensibilityGlobals) = postSolution
		SolutionGuid = {22EB1ADF-FD1E-4D2E-9AA7-F58DBFF6A12B}
	EndGlobalSection
EndGlobal
