
Microsoft Visual Studio Solution File, Format Version 12.00
# Visual Studio Version 17
VisualStudioVersion = 17.10.34928.147
MinimumVisualStudioVersion = 10.0.40219.1
Project("{FAE04EC0-301F-11D3-BF4B-00C04F79EFBC}") = "ConsoleApp4", "ConsoleApp4.csproj", "{B48D130A-DDE5-484D-B4EA-EE9037075790}"
EndProject
Global
	GlobalSection(SolutionConfigurationPlatforms) = preSolution
		Debug|Any CPU = Debug|Any CPU
		Release|Any CPU = Release|Any CPU
	EndGlobalSection
	GlobalSection(ProjectConfigurationPlatforms) = postSolution
		{B48D130A-DDE5-484D-B4EA-EE9037075790}.Debug|Any CPU.ActiveCfg = Debug|Any CPU
		{B48D130A-DDE5-484D-B4EA-EE9037075790}.Debug|Any CPU.Build.0 = Debug|Any CPU
		{B48D130A-DDE5-484D-B4EA-EE9037075790}.Release|Any CPU.ActiveCfg = Release|Any CPU
		{B48D130A-DDE5-484D-B4EA-EE9037075790}.Release|Any CPU.Build.0 = Release|Any CPU
	EndGlobalSection
	GlobalSection(SolutionProperties) = preSolution
		HideSolutionNode = FALSE
	EndGlobalSection
	GlobalSection(ExtensibilityGlobals) = postSolution
		SolutionGuid = {9CBDC038-4548-4A81-A02E-A94ED1CF7972}
	EndGlobalSection
EndGlobal
